
Microsoft Visual Studio Solution File, Format Version 12.00
# Visual Studio Version 17
VisualStudioVersion = 17.13.35931.197
MinimumVisualStudioVersion = 10.0.40219.1
Project("{FAE04EC0-301F-11D3-BF4B-00C04F79EFBC}") = "WebApp", "WebApp\WebApp.csproj", "{02CAE66A-B6C1-4802-BB20-0EAB98832F5B}"
	ProjectSection(ProjectDependencies) = postProject
		{83B167EF-2A18-4B21-AFED-73F207ED5EAA} = {83B167EF-2A18-4B21-AFED-73F207ED5EAA}
	EndProjectSection
EndProject
Project("{FAE04EC0-301F-11D3-BF4B-00C04F79EFBC}") = "BLL", "..\BusinessLogic\BLL.csproj", "{83B167EF-2A18-4B21-AFED-73F207ED5EAA}"
	ProjectSection(ProjectDependencies) = postProject
		{346F3F24-AAAA-4BC2-A686-FBE22C0AF4AD} = {346F3F24-AAAA-4BC2-A686-FBE22C0AF4AD}
	EndProjectSection
EndProject
Project("{FAE04EC0-301F-11D3-BF4B-00C04F79EFBC}") = "DAL", "..\DAL\DAL.csproj", "{346F3F24-AAAA-4BC2-A686-FBE22C0AF4AD}"
EndProject
Global
	GlobalSection(SolutionConfigurationPlatforms) = preSolution
		Debug|Any CPU = Debug|Any CPU
		Release|Any CPU = Release|Any CPU
	EndGlobalSection
	GlobalSection(ProjectConfigurationPlatforms) = postSolution
		{02CAE66A-B6C1-4802-BB20-0EAB98832F5B}.Debug|Any CPU.ActiveCfg = Debug|Any CPU
		{02CAE66A-B6C1-4802-BB20-0EAB98832F5B}.Debug|Any CPU.Build.0 = Debug|Any CPU
		{02CAE66A-B6C1-4802-BB20-0EAB98832F5B}.Release|Any CPU.ActiveCfg = Release|Any CPU
		{02CAE66A-B6C1-4802-BB20-0EAB98832F5B}.Release|Any CPU.Build.0 = Release|Any CPU
		{83B167EF-2A18-4B21-AFED-73F207ED5EAA}.Debug|Any CPU.ActiveCfg = Debug|Any CPU
		{83B167EF-2A18-4B21-AFED-73F207ED5EAA}.Debug|Any CPU.Build.0 = Debug|Any CPU
		{83B167EF-2A18-4B21-AFED-73F207ED5EAA}.Release|Any CPU.ActiveCfg = Release|Any CPU
		{83B167EF-2A18-4B21-AFED-73F207ED5EAA}.Release|Any CPU.Build.0 = Release|Any CPU
		{346F3F24-AAAA-4BC2-A686-FBE22C0AF4AD}.Debug|Any CPU.ActiveCfg = Debug|Any CPU
		{346F3F24-AAAA-4BC2-A686-FBE22C0AF4AD}.Debug|Any CPU.Build.0 = Debug|Any CPU
		{346F3F24-AAAA-4BC2-A686-FBE22C0AF4AD}.Release|Any CPU.ActiveCfg = Release|Any CPU
		{346F3F24-AAAA-4BC2-A686-FBE22C0AF4AD}.Release|Any CPU.Build.0 = Release|Any CPU
	EndGlobalSection
	GlobalSection(SolutionProperties) = preSolution
		HideSolutionNode = FALSE
	EndGlobalSection
	GlobalSection(ExtensibilityGlobals) = postSolution
		SolutionGuid = {C7108069-D309-446A-92F5-044FCA7C3734}
	EndGlobalSection
EndGlobal
